// !$*UTF8*$!
{
	archiveVersion = 1;
	classes = {
	};
	objectVersion = 48;
	objects = {

/* Begin PBXBuildFile section */
		931822901F181401004F07B8 /* Assets.xcassets in Resources */ = {isa = PBXBuildFile; fileRef = 93BABB561F169FC1006145D3 /* Assets.xcassets */; };
		931822921F181501004F07B8 /* TapsViewController.swift in Sources */ = {isa = PBXBuildFile; fileRef = 931822911F181501004F07B8 /* TapsViewController.swift */; };
		931822951F181709004F07B8 /* CGFloat+Random.swift in Sources */ = {isa = PBXBuildFile; fileRef = 931822941F181709004F07B8 /* CGFloat+Random.swift */; };
		931822971F181764004F07B8 /* UIColor+Random.swift in Sources */ = {isa = PBXBuildFile; fileRef = 931822961F181764004F07B8 /* UIColor+Random.swift */; };
		931822991F18198E004F07B8 /* BaseSceneViewController.swift in Sources */ = {isa = PBXBuildFile; fileRef = 931822981F18198E004F07B8 /* BaseSceneViewController.swift */; };
		9318229B1F184070004F07B8 /* PlaneViewController.swift in Sources */ = {isa = PBXBuildFile; fileRef = 9318229A1F184070004F07B8 /* PlaneViewController.swift */; };
		9318229E1F184580004F07B8 /* OverlayPlane.swift in Sources */ = {isa = PBXBuildFile; fileRef = 9318229D1F184580004F07B8 /* OverlayPlane.swift */; };
		938BF6661F17197F004D81F2 /* Sphere.swift in Sources */ = {isa = PBXBuildFile; fileRef = 938BF6651F17197F004D81F2 /* Sphere.swift */; };
		93BABB361F168DA5006145D3 /* AppDelegate.swift in Sources */ = {isa = PBXBuildFile; fileRef = 93BABB351F168DA5006145D3 /* AppDelegate.swift */; };
		93BABB571F16A1DB006145D3 /* LaunchScreen.storyboard in Resources */ = {isa = PBXBuildFile; fileRef = 93BABB4E1F169FC1006145D3 /* LaunchScreen.storyboard */; };
		93BABB581F16A1DE006145D3 /* Main.storyboard in Resources */ = {isa = PBXBuildFile; fileRef = 93BABB501F169FC1006145D3 /* Main.storyboard */; };
		93BABB591F16A1FE006145D3 /* SimpleCubeViewController.swift in Sources */ = {isa = PBXBuildFile; fileRef = 93BABB4C1F169FA1006145D3 /* SimpleCubeViewController.swift */; };
		93BABB5A1F16ADC0006145D3 /* art.scnassets in Resources */ = {isa = PBXBuildFile; fileRef = 93BABB551F169FC1006145D3 /* art.scnassets */; };
		93BABB5C1F16B0AE006145D3 /* TextDisplayViewController.swift in Sources */ = {isa = PBXBuildFile; fileRef = 93BABB5B1F16B0AE006145D3 /* TextDisplayViewController.swift */; };
		93BABB5E1F16B497006145D3 /* MultipleSphereViewController.swift in Sources */ = {isa = PBXBuildFile; fileRef = 93BABB5D1F16B497006145D3 /* MultipleSphereViewController.swift */; };
		93BABB611F16B56C006145D3 /* Box.swift in Sources */ = {isa = PBXBuildFile; fileRef = 93BABB601F16B56C006145D3 /* Box.swift */; };
		93BABB631F16B60F006145D3 /* NodeConfig.swift in Sources */ = {isa = PBXBuildFile; fileRef = 93BABB621F16B60F006145D3 /* NodeConfig.swift */; };
/* End PBXBuildFile section */

/* Begin PBXFileReference section */
		931822911F181501004F07B8 /* TapsViewController.swift */ = {isa = PBXFileReference; lastKnownFileType = sourcecode.swift; path = TapsViewController.swift; sourceTree = "<group>"; };
		931822941F181709004F07B8 /* CGFloat+Random.swift */ = {isa = PBXFileReference; lastKnownFileType = sourcecode.swift; path = "CGFloat+Random.swift"; sourceTree = "<group>"; };
		931822961F181764004F07B8 /* UIColor+Random.swift */ = {isa = PBXFileReference; lastKnownFileType = sourcecode.swift; path = "UIColor+Random.swift"; sourceTree = "<group>"; };
		931822981F18198E004F07B8 /* BaseSceneViewController.swift */ = {isa = PBXFileReference; lastKnownFileType = sourcecode.swift; path = BaseSceneViewController.swift; sourceTree = "<group>"; };
		9318229A1F184070004F07B8 /* PlaneViewController.swift */ = {isa = PBXFileReference; lastKnownFileType = sourcecode.swift; path = PlaneViewController.swift; sourceTree = "<group>"; };
		9318229D1F184580004F07B8 /* OverlayPlane.swift */ = {isa = PBXFileReference; lastKnownFileType = sourcecode.swift; path = OverlayPlane.swift; sourceTree = "<group>"; };
		938BF6651F17197F004D81F2 /* Sphere.swift */ = {isa = PBXFileReference; lastKnownFileType = sourcecode.swift; path = Sphere.swift; sourceTree = "<group>"; };
		93BABB321F168DA5006145D3 /* ARKitTest.app */ = {isa = PBXFileReference; explicitFileType = wrapper.application; includeInIndex = 0; path = ARKitTest.app; sourceTree = BUILT_PRODUCTS_DIR; };
		93BABB351F168DA5006145D3 /* AppDelegate.swift */ = {isa = PBXFileReference; lastKnownFileType = sourcecode.swift; path = AppDelegate.swift; sourceTree = "<group>"; };
		93BABB4C1F169FA1006145D3 /* SimpleCubeViewController.swift */ = {isa = PBXFileReference; lastKnownFileType = sourcecode.swift; path = SimpleCubeViewController.swift; sourceTree = "<group>"; };
		93BABB4F1F169FC1006145D3 /* Base */ = {isa = PBXFileReference; lastKnownFileType = file.storyboard; name = Base; path = Base.lproj/LaunchScreen.storyboard; sourceTree = "<group>"; };
		93BABB511F169FC1006145D3 /* Base */ = {isa = PBXFileReference; lastKnownFileType = file.storyboard; name = Base; path = Base.lproj/Main.storyboard; sourceTree = "<group>"; };
		93BABB531F169FC1006145D3 /* Info.plist */ = {isa = PBXFileReference; lastKnownFileType = text.plist.xml; path = Info.plist; sourceTree = "<group>"; };
		93BABB551F169FC1006145D3 /* art.scnassets */ = {isa = PBXFileReference; lastKnownFileType = wrapper.scnassets; path = art.scnassets; sourceTree = "<group>"; };
		93BABB561F169FC1006145D3 /* Assets.xcassets */ = {isa = PBXFileReference; lastKnownFileType = folder.assetcatalog; path = Assets.xcassets; sourceTree = "<group>"; };
		93BABB5B1F16B0AE006145D3 /* TextDisplayViewController.swift */ = {isa = PBXFileReference; lastKnownFileType = sourcecode.swift; path = TextDisplayViewController.swift; sourceTree = "<group>"; };
		93BABB5D1F16B497006145D3 /* MultipleSphereViewController.swift */ = {isa = PBXFileReference; lastKnownFileType = sourcecode.swift; path = MultipleSphereViewController.swift; sourceTree = "<group>"; };
		93BABB601F16B56C006145D3 /* Box.swift */ = {isa = PBXFileReference; lastKnownFileType = sourcecode.swift; path = Box.swift; sourceTree = "<group>"; };
		93BABB621F16B60F006145D3 /* NodeConfig.swift */ = {isa = PBXFileReference; lastKnownFileType = sourcecode.swift; path = NodeConfig.swift; sourceTree = "<group>"; };
/* End PBXFileReference section */

/* Begin PBXFrameworksBuildPhase section */
		93BABB2F1F168DA5006145D3 /* Frameworks */ = {
			isa = PBXFrameworksBuildPhase;
			buildActionMask = 2147483647;
			files = (
			);
			runOnlyForDeploymentPostprocessing = 0;
		};
/* End PBXFrameworksBuildPhase section */

/* Begin PBXGroup section */
		931822931F1816EE004F07B8 /* Util */ = {
			isa = PBXGroup;
			children = (
				931822941F181709004F07B8 /* CGFloat+Random.swift */,
				931822961F181764004F07B8 /* UIColor+Random.swift */,
			);
			path = Util;
			sourceTree = "<group>";
		};
		9318229C1F18454E004F07B8 /* Views */ = {
			isa = PBXGroup;
			children = (
				9318229D1F184580004F07B8 /* OverlayPlane.swift */,
			);
			path = Views;
			sourceTree = "<group>";
		};
		93BABB291F168DA5006145D3 = {
			isa = PBXGroup;
			children = (
				93BABB341F168DA5006145D3 /* ARKitTest */,
				93BABB331F168DA5006145D3 /* Products */,
			);
			sourceTree = "<group>";
		};
		93BABB331F168DA5006145D3 /* Products */ = {
			isa = PBXGroup;
			children = (
				93BABB321F168DA5006145D3 /* ARKitTest.app */,
			);
			name = Products;
			sourceTree = "<group>";
		};
		93BABB341F168DA5006145D3 /* ARKitTest */ = {
			isa = PBXGroup;
			children = (
				93BABB351F168DA5006145D3 /* AppDelegate.swift */,
				93BABB4B1F169FA1006145D3 /* ViewControllers */,
				9318229C1F18454E004F07B8 /* Views */,
				93BABB5F1F16B540006145D3 /* Model */,
				931822931F1816EE004F07B8 /* Util */,
				93BABB4A1F169F3F006145D3 /* Resources */,
			);
			path = ARKitTest;
			sourceTree = "<group>";
		};
		93BABB4A1F169F3F006145D3 /* Resources */ = {
			isa = PBXGroup;
			children = (
				93BABB541F169FC1006145D3 /* Assets */,
				93BABB521F169FC1006145D3 /* InfoPlist */,
				93BABB4D1F169FC1006145D3 /* Storyboards */,
			);
			path = Resources;
			sourceTree = "<group>";
		};
		93BABB4B1F169FA1006145D3 /* ViewControllers */ = {
			isa = PBXGroup;
			children = (
				931822981F18198E004F07B8 /* BaseSceneViewController.swift */,
				93BABB4C1F169FA1006145D3 /* SimpleCubeViewController.swift */,
				93BABB5B1F16B0AE006145D3 /* TextDisplayViewController.swift */,
				93BABB5D1F16B497006145D3 /* MultipleSphereViewController.swift */,
				931822911F181501004F07B8 /* TapsViewController.swift */,
				9318229A1F184070004F07B8 /* PlaneViewController.swift */,
			);
			path = ViewControllers;
			sourceTree = "<group>";
		};
		93BABB4D1F169FC1006145D3 /* Storyboards */ = {
			isa = PBXGroup;
			children = (
				93BABB4E1F169FC1006145D3 /* LaunchScreen.storyboard */,
				93BABB501F169FC1006145D3 /* Main.storyboard */,
			);
			path = Storyboards;
			sourceTree = "<group>";
		};
		93BABB521F169FC1006145D3 /* InfoPlist */ = {
			isa = PBXGroup;
			children = (
				93BABB531F169FC1006145D3 /* Info.plist */,
			);
			path = InfoPlist;
			sourceTree = "<group>";
		};
		93BABB541F169FC1006145D3 /* Assets */ = {
			isa = PBXGroup;
			children = (
				93BABB551F169FC1006145D3 /* art.scnassets */,
				93BABB561F169FC1006145D3 /* Assets.xcassets */,
			);
			path = Assets;
			sourceTree = "<group>";
		};
		93BABB5F1F16B540006145D3 /* Model */ = {
			isa = PBXGroup;
			children = (
				93BABB601F16B56C006145D3 /* Box.swift */,
				93BABB621F16B60F006145D3 /* NodeConfig.swift */,
				938BF6651F17197F004D81F2 /* Sphere.swift */,
			);
			path = Model;
			sourceTree = "<group>";
		};
/* End PBXGroup section */

/* Begin PBXNativeTarget section */
		93BABB311F168DA5006145D3 /* ARKitTest */ = {
			isa = PBXNativeTarget;
			buildConfigurationList = 93BABB461F168DA5006145D3 /* Build configuration list for PBXNativeTarget "ARKitTest" */;
			buildPhases = (
				93BABB2E1F168DA5006145D3 /* Sources */,
				93BABB2F1F168DA5006145D3 /* Frameworks */,
				93BABB301F168DA5006145D3 /* Resources */,
			);
			buildRules = (
			);
			dependencies = (
			);
			name = ARKitTest;
			productName = ARKitTest;
			productReference = 93BABB321F168DA5006145D3 /* ARKitTest.app */;
			productType = "com.apple.product-type.application";
		};
/* End PBXNativeTarget section */

/* Begin PBXProject section */
		93BABB2A1F168DA5006145D3 /* Project object */ = {
			isa = PBXProject;
			attributes = {
				LastSwiftUpdateCheck = 0900;
				LastUpgradeCheck = 0900;
				ORGANIZATIONNAME = mstruzinski;
				TargetAttributes = {
					93BABB311F168DA5006145D3 = {
						CreatedOnToolsVersion = 9.0;
					};
				};
			};
			buildConfigurationList = 93BABB2D1F168DA5006145D3 /* Build configuration list for PBXProject "ARKitTest" */;
			compatibilityVersion = "Xcode 8.0";
			developmentRegion = en;
			hasScannedForEncodings = 0;
			knownRegions = (
				en,
				Base,
			);
			mainGroup = 93BABB291F168DA5006145D3;
			productRefGroup = 93BABB331F168DA5006145D3 /* Products */;
			projectDirPath = "";
			projectRoot = "";
			targets = (
				93BABB311F168DA5006145D3 /* ARKitTest */,
			);
		};
/* End PBXProject section */

/* Begin PBXResourcesBuildPhase section */
		93BABB301F168DA5006145D3 /* Resources */ = {
			isa = PBXResourcesBuildPhase;
			buildActionMask = 2147483647;
			files = (
				931822901F181401004F07B8 /* Assets.xcassets in Resources */,
				93BABB571F16A1DB006145D3 /* LaunchScreen.storyboard in Resources */,
				93BABB5A1F16ADC0006145D3 /* art.scnassets in Resources */,
				93BABB581F16A1DE006145D3 /* Main.storyboard in Resources */,
			);
			runOnlyForDeploymentPostprocessing = 0;
		};
/* End PBXResourcesBuildPhase section */

/* Begin PBXSourcesBuildPhase section */
		93BABB2E1F168DA5006145D3 /* Sources */ = {
			isa = PBXSourcesBuildPhase;
			buildActionMask = 2147483647;
			files = (
				931822971F181764004F07B8 /* UIColor+Random.swift in Sources */,
				938BF6661F17197F004D81F2 /* Sphere.swift in Sources */,
				93BABB361F168DA5006145D3 /* AppDelegate.swift in Sources */,
				931822921F181501004F07B8 /* TapsViewController.swift in Sources */,
				9318229E1F184580004F07B8 /* OverlayPlane.swift in Sources */,
				93BABB591F16A1FE006145D3 /* SimpleCubeViewController.swift in Sources */,
				93BABB5C1F16B0AE006145D3 /* TextDisplayViewController.swift in Sources */,
				931822991F18198E004F07B8 /* BaseSceneViewController.swift in Sources */,
				9318229B1F184070004F07B8 /* PlaneViewController.swift in Sources */,
				931822951F181709004F07B8 /* CGFloat+Random.swift in Sources */,
				93BABB5E1F16B497006145D3 /* MultipleSphereViewController.swift in Sources */,
				93BABB631F16B60F006145D3 /* NodeConfig.swift in Sources */,
				93BABB611F16B56C006145D3 /* Box.swift in Sources */,
			);
			runOnlyForDeploymentPostprocessing = 0;
		};
/* End PBXSourcesBuildPhase section */

/* Begin PBXVariantGroup section */
		93BABB4E1F169FC1006145D3 /* LaunchScreen.storyboard */ = {
			isa = PBXVariantGroup;
			children = (
				93BABB4F1F169FC1006145D3 /* Base */,
			);
			name = LaunchScreen.storyboard;
			sourceTree = "<group>";
		};
		93BABB501F169FC1006145D3 /* Main.storyboard */ = {
			isa = PBXVariantGroup;
			children = (
				93BABB511F169FC1006145D3 /* Base */,
			);
			name = Main.storyboard;
			sourceTree = "<group>";
		};
/* End PBXVariantGroup section */

/* Begin XCBuildConfiguration section */
		93BABB441F168DA5006145D3 /* Debug */ = {
			isa = XCBuildConfiguration;
			buildSettings = {
				ALWAYS_SEARCH_USER_PATHS = NO;
				CLANG_ANALYZER_NONNULL = YES;
				CLANG_ANALYZER_NUMBER_OBJECT_CONVERSION = YES_AGGRESSIVE;
				CLANG_CXX_LANGUAGE_STANDARD = "gnu++14";
				CLANG_CXX_LIBRARY = "libc++";
				CLANG_ENABLE_MODULES = YES;
				CLANG_ENABLE_OBJC_ARC = YES;
				CLANG_WARN_BLOCK_CAPTURE_AUTORELEASING = YES;
				CLANG_WARN_BOOL_CONVERSION = YES;
				CLANG_WARN_COMMA = YES;
				CLANG_WARN_CONSTANT_CONVERSION = YES;
				CLANG_WARN_DIRECT_OBJC_ISA_USAGE = YES_ERROR;
				CLANG_WARN_DOCUMENTATION_COMMENTS = YES;
				CLANG_WARN_EMPTY_BODY = YES;
				CLANG_WARN_ENUM_CONVERSION = YES;
				CLANG_WARN_INFINITE_RECURSION = YES;
				CLANG_WARN_INT_CONVERSION = YES;
				CLANG_WARN_NON_LITERAL_NULL_CONVERSION = YES;
				CLANG_WARN_OBJC_LITERAL_CONVERSION = YES;
				CLANG_WARN_OBJC_ROOT_CLASS = YES_ERROR;
				CLANG_WARN_RANGE_LOOP_ANALYSIS = YES;
				CLANG_WARN_STRICT_PROTOTYPES = YES;
				CLANG_WARN_SUSPICIOUS_MOVE = YES;
				CLANG_WARN_UNGUARDED_AVAILABILITY = YES_AGGRESSIVE;
				CLANG_WARN_UNREACHABLE_CODE = YES;
				CLANG_WARN__DUPLICATE_METHOD_MATCH = YES;
				CODE_SIGN_IDENTITY = "iPhone Developer";
				COPY_PHASE_STRIP = NO;
				DEBUG_INFORMATION_FORMAT = dwarf;
				ENABLE_STRICT_OBJC_MSGSEND = YES;
				ENABLE_TESTABILITY = YES;
				GCC_C_LANGUAGE_STANDARD = gnu11;
				GCC_DYNAMIC_NO_PIC = NO;
				GCC_NO_COMMON_BLOCKS = YES;
				GCC_OPTIMIZATION_LEVEL = 0;
				GCC_PREPROCESSOR_DEFINITIONS = (
					"DEBUG=1",
					"$(inherited)",
				);
				GCC_WARN_64_TO_32_BIT_CONVERSION = YES;
				GCC_WARN_ABOUT_RETURN_TYPE = YES_ERROR;
				GCC_WARN_UNDECLARED_SELECTOR = YES;
				GCC_WARN_UNINITIALIZED_AUTOS = YES_AGGRESSIVE;
				GCC_WARN_UNUSED_FUNCTION = YES;
				GCC_WARN_UNUSED_VARIABLE = YES;
				IPHONEOS_DEPLOYMENT_TARGET = 11.0;
				MTL_ENABLE_DEBUG_INFO = YES;
				ONLY_ACTIVE_ARCH = YES;
				SDKROOT = iphoneos;
				SWIFT_ACTIVE_COMPILATION_CONDITIONS = DEBUG;
				SWIFT_OPTIMIZATION_LEVEL = "-Onone";
			};
			name = Debug;
		};
		93BABB451F168DA5006145D3 /* Release */ = {
			isa = XCBuildConfiguration;
			buildSettings = {
				ALWAYS_SEARCH_USER_PATHS = NO;
				CLANG_ANALYZER_NONNULL = YES;
				CLANG_ANALYZER_NUMBER_OBJECT_CONVERSION = YES_AGGRESSIVE;
				CLANG_CXX_LANGUAGE_STANDARD = "gnu++14";
				CLANG_CXX_LIBRARY = "libc++";
				CLANG_ENABLE_MODULES = YES;
				CLANG_ENABLE_OBJC_ARC = YES;
				CLANG_WARN_BLOCK_CAPTURE_AUTORELEASING = YES;
				CLANG_WARN_BOOL_CONVERSION = YES;
				CLANG_WARN_COMMA = YES;
				CLANG_WARN_CONSTANT_CONVERSION = YES;
				CLANG_WARN_DIRECT_OBJC_ISA_USAGE = YES_ERROR;
				CLANG_WARN_DOCUMENTATION_COMMENTS = YES;
				CLANG_WARN_EMPTY_BODY = YES;
				CLANG_WARN_ENUM_CONVERSION = YES;
				CLANG_WARN_INFINITE_RECURSION = YES;
				CLANG_WARN_INT_CONVERSION = YES;
				CLANG_WARN_NON_LITERAL_NULL_CONVERSION = YES;
				CLANG_WARN_OBJC_LITERAL_CONVERSION = YES;
				CLANG_WARN_OBJC_ROOT_CLASS = YES_ERROR;
				CLANG_WARN_RANGE_LOOP_ANALYSIS = YES;
				CLANG_WARN_STRICT_PROTOTYPES = YES;
				CLANG_WARN_SUSPICIOUS_MOVE = YES;
				CLANG_WARN_UNGUARDED_AVAILABILITY = YES_AGGRESSIVE;
				CLANG_WARN_UNREACHABLE_CODE = YES;
				CLANG_WARN__DUPLICATE_METHOD_MATCH = YES;
				CODE_SIGN_IDENTITY = "iPhone Developer";
				COPY_PHASE_STRIP = NO;
				DEBUG_INFORMATION_FORMAT = "dwarf-with-dsym";
				ENABLE_NS_ASSERTIONS = NO;
				ENABLE_STRICT_OBJC_MSGSEND = YES;
				GCC_C_LANGUAGE_STANDARD = gnu11;
				GCC_NO_COMMON_BLOCKS = YES;
				GCC_WARN_64_TO_32_BIT_CONVERSION = YES;
				GCC_WARN_ABOUT_RETURN_TYPE = YES_ERROR;
				GCC_WARN_UNDECLARED_SELECTOR = YES;
				GCC_WARN_UNINITIALIZED_AUTOS = YES_AGGRESSIVE;
				GCC_WARN_UNUSED_FUNCTION = YES;
				GCC_WARN_UNUSED_VARIABLE = YES;
				IPHONEOS_DEPLOYMENT_TARGET = 11.0;
				MTL_ENABLE_DEBUG_INFO = NO;
				SDKROOT = iphoneos;
				SWIFT_OPTIMIZATION_LEVEL = "-Owholemodule";
				VALIDATE_PRODUCT = YES;
			};
			name = Release;
		};
		93BABB471F168DA5006145D3 /* Debug */ = {
			isa = XCBuildConfiguration;
			buildSettings = {
				ASSETCATALOG_COMPILER_APPICON_NAME = AppIcon;
				DEFINES_MODULE = YES;
				DEVELOPMENT_TEAM = M9JWF6L2BA;
				INFOPLIST_FILE = "$(SRCROOT)/ARKitTest/Resources/InfoPlist/Info.plist";
				LD_RUNPATH_SEARCH_PATHS = "$(inherited) @executable_path/Frameworks";
				PRODUCT_BUNDLE_IDENTIFIER = com.mstruzinski.ARKitTest;
				PRODUCT_NAME = "$(TARGET_NAME)";
				SWIFT_VERSION = 4.0;
				TARGETED_DEVICE_FAMILY = "1,2";
			};
			name = Debug;
		};
		93BABB481F168DA5006145D3 /* Release */ = {
			isa = XCBuildConfiguration;
			buildSettings = {
				ASSETCATALOG_COMPILER_APPICON_NAME = AppIcon;
				DEFINES_MODULE = YES;
				DEVELOPMENT_TEAM = M9JWF6L2BA;
				INFOPLIST_FILE = "$(SRCROOT)/ARKitTest/Resources/InfoPlist/Info.plist";
				LD_RUNPATH_SEARCH_PATHS = "$(inherited) @executable_path/Frameworks";
				PRODUCT_BUNDLE_IDENTIFIER = com.mstruzinski.ARKitTest;
				PRODUCT_NAME = "$(TARGET_NAME)";
				SWIFT_VERSION = 4.0;
				TARGETED_DEVICE_FAMILY = "1,2";
			};
			name = Release;
		};
/* End XCBuildConfiguration section */

/* Begin XCConfigurationList section */
		93BABB2D1F168DA5006145D3 /* Build configuration list for PBXProject "ARKitTest" */ = {
			isa = XCConfigurationList;
			buildConfigurations = (
				93BABB441F168DA5006145D3 /* Debug */,
				93BABB451F168DA5006145D3 /* Release */,
			);
			defaultConfigurationIsVisible = 0;
			defaultConfigurationName = Release;
		};
		93BABB461F168DA5006145D3 /* Build configuration list for PBXNativeTarget "ARKitTest" */ = {
			isa = XCConfigurationList;
			buildConfigurations = (
				93BABB471F168DA5006145D3 /* Debug */,
				93BABB481F168DA5006145D3 /* Release */,
			);
			defaultConfigurationIsVisible = 0;
			defaultConfigurationName = Release;
		};
/* End XCConfigurationList section */
	};
	rootObject = 93BABB2A1F168DA5006145D3 /* Project object */;
}
